// !$*UTF8*$!
{
	archiveVersion = 1;
	classes = {
	};
	objectVersion = 46;
	objects = {

/* Begin PBXBuildFile section */
		9F9E41401CAE3F9500D44558 /* AppDelegate.swift in Sources */ = {isa = PBXBuildFile; fileRef = 9F9E413F1CAE3F9500D44558 /* AppDelegate.swift */; };
		9F9E41421CAE3F9500D44558 /* ViewController.swift in Sources */ = {isa = PBXBuildFile; fileRef = 9F9E41411CAE3F9500D44558 /* ViewController.swift */; };
		9F9E41451CAE3F9500D44558 /* Main.storyboard in Resources */ = {isa = PBXBuildFile; fileRef = 9F9E41431CAE3F9500D44558 /* Main.storyboard */; };
		9F9E41471CAE3F9500D44558 /* Assets.xcassets in Resources */ = {isa = PBXBuildFile; fileRef = 9F9E41461CAE3F9500D44558 /* Assets.xcassets */; };
		9F9E414A1CAE3F9500D44558 /* LaunchScreen.storyboard in Resources */ = {isa = PBXBuildFile; fileRef = 9F9E41481CAE3F9500D44558 /* LaunchScreen.storyboard */; };
		9F9E41551CAE3F9500D44558 /* HonoluluArtTests.swift in Sources */ = {isa = PBXBuildFile; fileRef = 9F9E41541CAE3F9500D44558 /* HonoluluArtTests.swift */; };
		9F9E41601CAE3F9500D44558 /* HonoluluArtUITests.swift in Sources */ = {isa = PBXBuildFile; fileRef = 9F9E415F1CAE3F9500D44558 /* HonoluluArtUITests.swift */; };
/* End PBXBuildFile section */

/* Begin PBXContainerItemProxy section */
		9F9E41511CAE3F9500D44558 /* PBXContainerItemProxy */ = {
			isa = PBXContainerItemProxy;
			containerPortal = 9F9E41341CAE3F9400D44558 /* Project object */;
			proxyType = 1;
			remoteGlobalIDString = 9F9E413B1CAE3F9400D44558;
			remoteInfo = HonoluluArt;
		};
		9F9E415C1CAE3F9500D44558 /* PBXContainerItemProxy */ = {
			isa = PBXContainerItemProxy;
			containerPortal = 9F9E41341CAE3F9400D44558 /* Project object */;
			proxyType = 1;
			remoteGlobalIDString = 9F9E413B1CAE3F9400D44558;
			remoteInfo = HonoluluArt;
		};
/* End PBXContainerItemProxy section */

/* Begin PBXFileReference section */
		9F9E413C1CAE3F9400D44558 /* HonoluluArt.app */ = {isa = PBXFileReference; explicitFileType = wrapper.application; includeInIndex = 0; path = HonoluluArt.app; sourceTree = BUILT_PRODUCTS_DIR; };
		9F9E413F1CAE3F9500D44558 /* AppDelegate.swift */ = {isa = PBXFileReference; lastKnownFileType = sourcecode.swift; path = AppDelegate.swift; sourceTree = "<group>"; };
		9F9E41411CAE3F9500D44558 /* ViewController.swift */ = {isa = PBXFileReference; lastKnownFileType = sourcecode.swift; path = ViewController.swift; sourceTree = "<group>"; };
		9F9E41441CAE3F9500D44558 /* Base */ = {isa = PBXFileReference; lastKnownFileType = file.storyboard; name = Base; path = Base.lproj/Main.storyboard; sourceTree = "<group>"; };
		9F9E41461CAE3F9500D44558 /* Assets.xcassets */ = {isa = PBXFileReference; lastKnownFileType = folder.assetcatalog; path = Assets.xcassets; sourceTree = "<group>"; };
		9F9E41491CAE3F9500D44558 /* Base */ = {isa = PBXFileReference; lastKnownFileType = file.storyboard; name = Base; path = Base.lproj/LaunchScreen.storyboard; sourceTree = "<group>"; };
		9F9E414B1CAE3F9500D44558 /* Info.plist */ = {isa = PBXFileReference; lastKnownFileType = text.plist.xml; path = Info.plist; sourceTree = "<group>"; };
		9F9E41501CAE3F9500D44558 /* HonoluluArtTests.xctest */ = {isa = PBXFileReference; explicitFileType = wrapper.cfbundle; includeInIndex = 0; path = HonoluluArtTests.xctest; sourceTree = BUILT_PRODUCTS_DIR; };
		9F9E41541CAE3F9500D44558 /* HonoluluArtTests.swift */ = {isa = PBXFileReference; lastKnownFileType = sourcecode.swift; path = HonoluluArtTests.swift; sourceTree = "<group>"; };
		9F9E41561CAE3F9500D44558 /* Info.plist */ = {isa = PBXFileReference; lastKnownFileType = text.plist.xml; path = Info.plist; sourceTree = "<group>"; };
		9F9E415B1CAE3F9500D44558 /* HonoluluArtUITests.xctest */ = {isa = PBXFileReference; explicitFileType = wrapper.cfbundle; includeInIndex = 0; path = HonoluluArtUITests.xctest; sourceTree = BUILT_PRODUCTS_DIR; };
		9F9E415F1CAE3F9500D44558 /* HonoluluArtUITests.swift */ = {isa = PBXFileReference; lastKnownFileType = sourcecode.swift; path = HonoluluArtUITests.swift; sourceTree = "<group>"; };
		9F9E41611CAE3F9500D44558 /* Info.plist */ = {isa = PBXFileReference; lastKnownFileType = text.plist.xml; path = Info.plist; sourceTree = "<group>"; };
/* End PBXFileReference section */

/* Begin PBXFrameworksBuildPhase section */
		9F9E41391CAE3F9400D44558 /* Frameworks */ = {
			isa = PBXFrameworksBuildPhase;
			buildActionMask = 2147483647;
			files = (
			);
			runOnlyForDeploymentPostprocessing = 0;
		};
		9F9E414D1CAE3F9500D44558 /* Frameworks */ = {
			isa = PBXFrameworksBuildPhase;
			buildActionMask = 2147483647;
			files = (
			);
			runOnlyForDeploymentPostprocessing = 0;
		};
		9F9E41581CAE3F9500D44558 /* Frameworks */ = {
			isa = PBXFrameworksBuildPhase;
			buildActionMask = 2147483647;
			files = (
			);
			runOnlyForDeploymentPostprocessing = 0;
		};
/* End PBXFrameworksBuildPhase section */

/* Begin PBXGroup section */
		9F9E41331CAE3F9400D44558 = {
			isa = PBXGroup;
			children = (
				9F9E413E1CAE3F9400D44558 /* HonoluluArt */,
				9F9E41531CAE3F9500D44558 /* HonoluluArtTests */,
				9F9E415E1CAE3F9500D44558 /* HonoluluArtUITests */,
				9F9E413D1CAE3F9400D44558 /* Products */,
			);
			sourceTree = "<group>";
		};
		9F9E413D1CAE3F9400D44558 /* Products */ = {
			isa = PBXGroup;
			children = (
				9F9E413C1CAE3F9400D44558 /* HonoluluArt.app */,
				9F9E41501CAE3F9500D44558 /* HonoluluArtTests.xctest */,
				9F9E415B1CAE3F9500D44558 /* HonoluluArtUITests.xctest */,
			);
			name = Products;
			sourceTree = "<group>";
		};
		9F9E413E1CAE3F9400D44558 /* HonoluluArt */ = {
			isa = PBXGroup;
			children = (
				9F9E413F1CAE3F9500D44558 /* AppDelegate.swift */,
				9F9E41411CAE3F9500D44558 /* ViewController.swift */,
				9F9E41431CAE3F9500D44558 /* Main.storyboard */,
				9F9E41461CAE3F9500D44558 /* Assets.xcassets */,
				9F9E41481CAE3F9500D44558 /* LaunchScreen.storyboard */,
				9F9E414B1CAE3F9500D44558 /* Info.plist */,
			);
			path = HonoluluArt;
			sourceTree = "<group>";
		};
		9F9E41531CAE3F9500D44558 /* HonoluluArtTests */ = {
			isa = PBXGroup;
			children = (
				9F9E41541CAE3F9500D44558 /* HonoluluArtTests.swift */,
				9F9E41561CAE3F9500D44558 /* Info.plist */,
			);
			path = HonoluluArtTests;
			sourceTree = "<group>";
		};
		9F9E415E1CAE3F9500D44558 /* HonoluluArtUITests */ = {
			isa = PBXGroup;
			children = (
				9F9E415F1CAE3F9500D44558 /* HonoluluArtUITests.swift */,
				9F9E41611CAE3F9500D44558 /* Info.plist */,
			);
			path = HonoluluArtUITests;
			sourceTree = "<group>";
		};
/* End PBXGroup section */

/* Begin PBXNativeTarget section */
		9F9E413B1CAE3F9400D44558 /* HonoluluArt */ = {
			isa = PBXNativeTarget;
			buildConfigurationList = 9F9E41641CAE3F9500D44558 /* Build configuration list for PBXNativeTarget "HonoluluArt" */;
			buildPhases = (
				9F9E41381CAE3F9400D44558 /* Sources */,
				9F9E41391CAE3F9400D44558 /* Frameworks */,
				9F9E413A1CAE3F9400D44558 /* Resources */,
			);
			buildRules = (
			);
			dependencies = (
			);
			name = HonoluluArt;
			productName = HonoluluArt;
			productReference = 9F9E413C1CAE3F9400D44558 /* HonoluluArt.app */;
			productType = "com.apple.product-type.application";
		};
		9F9E414F1CAE3F9500D44558 /* HonoluluArtTests */ = {
			isa = PBXNativeTarget;
			buildConfigurationList = 9F9E41671CAE3F9500D44558 /* Build configuration list for PBXNativeTarget "HonoluluArtTests" */;
			buildPhases = (
				9F9E414C1CAE3F9500D44558 /* Sources */,
				9F9E414D1CAE3F9500D44558 /* Frameworks */,
				9F9E414E1CAE3F9500D44558 /* Resources */,
			);
			buildRules = (
			);
			dependencies = (
				9F9E41521CAE3F9500D44558 /* PBXTargetDependency */,
			);
			name = HonoluluArtTests;
			productName = HonoluluArtTests;
			productReference = 9F9E41501CAE3F9500D44558 /* HonoluluArtTests.xctest */;
			productType = "com.apple.product-type.bundle.unit-test";
		};
		9F9E415A1CAE3F9500D44558 /* HonoluluArtUITests */ = {
			isa = PBXNativeTarget;
			buildConfigurationList = 9F9E416A1CAE3F9500D44558 /* Build configuration list for PBXNativeTarget "HonoluluArtUITests" */;
			buildPhases = (
				9F9E41571CAE3F9500D44558 /* Sources */,
				9F9E41581CAE3F9500D44558 /* Frameworks */,
				9F9E41591CAE3F9500D44558 /* Resources */,
			);
			buildRules = (
			);
			dependencies = (
				9F9E415D1CAE3F9500D44558 /* PBXTargetDependency */,
			);
			name = HonoluluArtUITests;
			productName = HonoluluArtUITests;
			productReference = 9F9E415B1CAE3F9500D44558 /* HonoluluArtUITests.xctest */;
			productType = "com.apple.product-type.bundle.ui-testing";
		};
/* End PBXNativeTarget section */

/* Begin PBXProject section */
		9F9E41341CAE3F9400D44558 /* Project object */ = {
			isa = PBXProject;
			attributes = {
				LastSwiftUpdateCheck = 0730;
				LastUpgradeCheck = 0730;
				ORGANIZATIONNAME = Fahn;
				TargetAttributes = {
					9F9E413B1CAE3F9400D44558 = {
						CreatedOnToolsVersion = 7.3;
						DevelopmentTeam = 3UVQB8C99C;
					};
					9F9E414F1CAE3F9500D44558 = {
						CreatedOnToolsVersion = 7.3;
						DevelopmentTeam = 3UVQB8C99C;
						TestTargetID = 9F9E413B1CAE3F9400D44558;
					};
					9F9E415A1CAE3F9500D44558 = {
						CreatedOnToolsVersion = 7.3;
						DevelopmentTeam = 3UVQB8C99C;
						TestTargetID = 9F9E413B1CAE3F9400D44558;
					};
				};
			};
			buildConfigurationList = 9F9E41371CAE3F9400D44558 /* Build configuration list for PBXProject "HonoluluArt" */;
			compatibilityVersion = "Xcode 3.2";
			developmentRegion = English;
			hasScannedForEncodings = 0;
			knownRegions = (
				en,
				Base,
			);
			mainGroup = 9F9E41331CAE3F9400D44558;
			productRefGroup = 9F9E413D1CAE3F9400D44558 /* Products */;
			projectDirPath = "";
			projectRoot = "";
			targets = (
				9F9E413B1CAE3F9400D44558 /* HonoluluArt */,
				9F9E414F1CAE3F9500D44558 /* HonoluluArtTests */,
				9F9E415A1CAE3F9500D44558 /* HonoluluArtUITests */,
			);
		};
/* End PBXProject section */

/* Begin PBXResourcesBuildPhase section */
		9F9E413A1CAE3F9400D44558 /* Resources */ = {
			isa = PBXResourcesBuildPhase;
			buildActionMask = 2147483647;
			files = (
				9F9E414A1CAE3F9500D44558 /* LaunchScreen.storyboard in Resources */,
				9F9E41471CAE3F9500D44558 /* Assets.xcassets in Resources */,
				9F9E41451CAE3F9500D44558 /* Main.storyboard in Resources */,
			);
			runOnlyForDeploymentPostprocessing = 0;
		};
		9F9E414E1CAE3F9500D44558 /* Resources */ = {
			isa = PBXResourcesBuildPhase;
			buildActionMask = 2147483647;
			files = (
			);
			runOnlyForDeploymentPostprocessing = 0;
		};
		9F9E41591CAE3F9500D44558 /* Resources */ = {
			isa = PBXResourcesBuildPhase;
			buildActionMask = 2147483647;
			files = (
			);
			runOnlyForDeploymentPostprocessing = 0;
		};
/* End PBXResourcesBuildPhase section */

/* Begin PBXSourcesBuildPhase section */
		9F9E41381CAE3F9400D44558 /* Sources */ = {
			isa = PBXSourcesBuildPhase;
			buildActionMask = 2147483647;
			files = (
				9F9E41421CAE3F9500D44558 /* ViewController.swift in Sources */,
				9F9E41401CAE3F9500D44558 /* AppDelegate.swift in Sources */,
			);
			runOnlyForDeploymentPostprocessing = 0;
		};
		9F9E414C1CAE3F9500D44558 /* Sources */ = {
			isa = PBXSourcesBuildPhase;
			buildActionMask = 2147483647;
			files = (
				9F9E41551CAE3F9500D44558 /* HonoluluArtTests.swift in Sources */,
			);
			runOnlyForDeploymentPostprocessing = 0;
		};
		9F9E41571CAE3F9500D44558 /* Sources */ = {
			isa = PBXSourcesBuildPhase;
			buildActionMask = 2147483647;
			files = (
				9F9E41601CAE3F9500D44558 /* HonoluluArtUITests.swift in Sources */,
			);
			runOnlyForDeploymentPostprocessing = 0;
		};
/* End PBXSourcesBuildPhase section */

/* Begin PBXTargetDependency section */
		9F9E41521CAE3F9500D44558 /* PBXTargetDependency */ = {
			isa = PBXTargetDependency;
			target = 9F9E413B1CAE3F9400D44558 /* HonoluluArt */;
			targetProxy = 9F9E41511CAE3F9500D44558 /* PBXContainerItemProxy */;
		};
		9F9E415D1CAE3F9500D44558 /* PBXTargetDependency */ = {
			isa = PBXTargetDependency;
			target = 9F9E413B1CAE3F9400D44558 /* HonoluluArt */;
			targetProxy = 9F9E415C1CAE3F9500D44558 /* PBXContainerItemProxy */;
		};
/* End PBXTargetDependency section */

/* Begin PBXVariantGroup section */
		9F9E41431CAE3F9500D44558 /* Main.storyboard */ = {
			isa = PBXVariantGroup;
			children = (
				9F9E41441CAE3F9500D44558 /* Base */,
			);
			name = Main.storyboard;
			sourceTree = "<group>";
		};
		9F9E41481CAE3F9500D44558 /* LaunchScreen.storyboard */ = {
			isa = PBXVariantGroup;
			children = (
				9F9E41491CAE3F9500D44558 /* Base */,
			);
			name = LaunchScreen.storyboard;
			sourceTree = "<group>";
		};
/* End PBXVariantGroup section */

/* Begin XCBuildConfiguration section */
		9F9E41621CAE3F9500D44558 /* Debug */ = {
			isa = XCBuildConfiguration;
			buildSettings = {
				ALWAYS_SEARCH_USER_PATHS = NO;
				CLANG_ANALYZER_NONNULL = YES;
				CLANG_CXX_LANGUAGE_STANDARD = "gnu++0x";
				CLANG_CXX_LIBRARY = "libc++";
				CLANG_ENABLE_MODULES = YES;
				CLANG_ENABLE_OBJC_ARC = YES;
				CLANG_WARN_BOOL_CONVERSION = YES;
				CLANG_WARN_CONSTANT_CONVERSION = YES;
				CLANG_WARN_DIRECT_OBJC_ISA_USAGE = YES_ERROR;
				CLANG_WARN_EMPTY_BODY = YES;
				CLANG_WARN_ENUM_CONVERSION = YES;
				CLANG_WARN_INT_CONVERSION = YES;
				CLANG_WARN_OBJC_ROOT_CLASS = YES_ERROR;
				CLANG_WARN_UNREACHABLE_CODE = YES;
				CLANG_WARN__DUPLICATE_METHOD_MATCH = YES;
				"CODE_SIGN_IDENTITY[sdk=iphoneos*]" = "iPhone Developer";
				COPY_PHASE_STRIP = NO;
				DEBUG_INFORMATION_FORMAT = dwarf;
				ENABLE_STRICT_OBJC_MSGSEND = YES;
				ENABLE_TESTABILITY = YES;
				GCC_C_LANGUAGE_STANDARD = gnu99;
				GCC_DYNAMIC_NO_PIC = NO;
				GCC_NO_COMMON_BLOCKS = YES;
				GCC_OPTIMIZATION_LEVEL = 0;
				GCC_PREPROCESSOR_DEFINITIONS = (
					"DEBUG=1",
					"$(inherited)",
				);
				GCC_WARN_64_TO_32_BIT_CONVERSION = YES;
				GCC_WARN_ABOUT_RETURN_TYPE = YES_ERROR;
				GCC_WARN_UNDECLARED_SELECTOR = YES;
				GCC_WARN_UNINITIALIZED_AUTOS = YES_AGGRESSIVE;
				GCC_WARN_UNUSED_FUNCTION = YES;
				GCC_WARN_UNUSED_VARIABLE = YES;
				IPHONEOS_DEPLOYMENT_TARGET = 9.3;
				MTL_ENABLE_DEBUG_INFO = YES;
				ONLY_ACTIVE_ARCH = YES;
				SDKROOT = iphoneos;
				SWIFT_OPTIMIZATION_LEVEL = "-Onone";
			};
			name = Debug;
		};
		9F9E41631CAE3F9500D44558 /* Release */ = {
			isa = XCBuildConfiguration;
			buildSettings = {
				ALWAYS_SEARCH_USER_PATHS = NO;
				CLANG_ANALYZER_NONNULL = YES;
				CLANG_CXX_LANGUAGE_STANDARD = "gnu++0x";
				CLANG_CXX_LIBRARY = "libc++";
				CLANG_ENABLE_MODULES = YES;
				CLANG_ENABLE_OBJC_ARC = YES;
				CLANG_WARN_BOOL_CONVERSION = YES;
				CLANG_WARN_CONSTANT_CONVERSION = YES;
				CLANG_WARN_DIRECT_OBJC_ISA_USAGE = YES_ERROR;
				CLANG_WARN_EMPTY_BODY = YES;
				CLANG_WARN_ENUM_CONVERSION = YES;
				CLANG_WARN_INT_CONVERSION = YES;
				CLANG_WARN_OBJC_ROOT_CLASS = YES_ERROR;
				CLANG_WARN_UNREACHABLE_CODE = YES;
				CLANG_WARN__DUPLICATE_METHOD_MATCH = YES;
				"CODE_SIGN_IDENTITY[sdk=iphoneos*]" = "iPhone Developer";
				COPY_PHASE_STRIP = NO;
				DEBUG_INFORMATION_FORMAT = "dwarf-with-dsym";
				ENABLE_NS_ASSERTIONS = NO;
				ENABLE_STRICT_OBJC_MSGSEND = YES;
				GCC_C_LANGUAGE_STANDARD = gnu99;
				GCC_NO_COMMON_BLOCKS = YES;
				GCC_WARN_64_TO_32_BIT_CONVERSION = YES;
				GCC_WARN_ABOUT_RETURN_TYPE = YES_ERROR;
				GCC_WARN_UNDECLARED_SELECTOR = YES;
				GCC_WARN_UNINITIALIZED_AUTOS = YES_AGGRESSIVE;
				GCC_WARN_UNUSED_FUNCTION = YES;
				GCC_WARN_UNUSED_VARIABLE = YES;
				IPHONEOS_DEPLOYMENT_TARGET = 9.3;
				MTL_ENABLE_DEBUG_INFO = NO;
				SDKROOT = iphoneos;
				VALIDATE_PRODUCT = YES;
			};
			name = Release;
		};
		9F9E41651CAE3F9500D44558 /* Debug */ = {
			isa = XCBuildConfiguration;
			buildSettings = {
				ASSETCATALOG_COMPILER_APPICON_NAME = AppIcon;
				INFOPLIST_FILE = HonoluluArt/Info.plist;
				LD_RUNPATH_SEARCH_PATHS = "$(inherited) @executable_path/Frameworks";
				PRODUCT_BUNDLE_IDENTIFIER = DPU.HonoluluArt;
				PRODUCT_NAME = "$(TARGET_NAME)";
			};
			name = Debug;
		};
		9F9E41661CAE3F9500D44558 /* Release */ = {
			isa = XCBuildConfiguration;
			buildSettings = {
				ASSETCATALOG_COMPILER_APPICON_NAME = AppIcon;
				INFOPLIST_FILE = HonoluluArt/Info.plist;
				LD_RUNPATH_SEARCH_PATHS = "$(inherited) @executable_path/Frameworks";
				PRODUCT_BUNDLE_IDENTIFIER = DPU.HonoluluArt;
				PRODUCT_NAME = "$(TARGET_NAME)";
			};
			name = Release;
		};
		9F9E41681CAE3F9500D44558 /* Debug */ = {
			isa = XCBuildConfiguration;
			buildSettings = {
				BUNDLE_LOADER = "$(TEST_HOST)";
				INFOPLIST_FILE = HonoluluArtTests/Info.plist;
				LD_RUNPATH_SEARCH_PATHS = "$(inherited) @executable_path/Frameworks @loader_path/Frameworks";
				PRODUCT_BUNDLE_IDENTIFIER = DPU.HonoluluArtTests;
				PRODUCT_NAME = "$(TARGET_NAME)";
				TEST_HOST = "$(BUILT_PRODUCTS_DIR)/HonoluluArt.app/HonoluluArt";
			};
			name = Debug;
		};
		9F9E41691CAE3F9500D44558 /* Release */ = {
			isa = XCBuildConfiguration;
			buildSettings = {
				BUNDLE_LOADER = "$(TEST_HOST)";
				INFOPLIST_FILE = HonoluluArtTests/Info.plist;
				LD_RUNPATH_SEARCH_PATHS = "$(inherited) @executable_path/Frameworks @loader_path/Frameworks";
				PRODUCT_BUNDLE_IDENTIFIER = DPU.HonoluluArtTests;
				PRODUCT_NAME = "$(TARGET_NAME)";
				TEST_HOST = "$(BUILT_PRODUCTS_DIR)/HonoluluArt.app/HonoluluArt";
			};
			name = Release;
		};
		9F9E416B1CAE3F9500D44558 /* Debug */ = {
			isa = XCBuildConfiguration;
			buildSettings = {
				INFOPLIST_FILE = HonoluluArtUITests/Info.plist;
				LD_RUNPATH_SEARCH_PATHS = "$(inherited) @executable_path/Frameworks @loader_path/Frameworks";
				PRODUCT_BUNDLE_IDENTIFIER = DPU.HonoluluArtUITests;
				PRODUCT_NAME = "$(TARGET_NAME)";
				TEST_TARGET_NAME = HonoluluArt;
			};
			name = Debug;
		};
		9F9E416C1CAE3F9500D44558 /* Release */ = {
			isa = XCBuildConfiguration;
			buildSettings = {
				INFOPLIST_FILE = HonoluluArtUITests/Info.plist;
				LD_RUNPATH_SEARCH_PATHS = "$(inherited) @executable_path/Frameworks @loader_path/Frameworks";
				PRODUCT_BUNDLE_IDENTIFIER = DPU.HonoluluArtUITests;
				PRODUCT_NAME = "$(TARGET_NAME)";
				TEST_TARGET_NAME = HonoluluArt;
			};
			name = Release;
		};
/* End XCBuildConfiguration section */

/* Begin XCConfigurationList section */
		9F9E41371CAE3F9400D44558 /* Build configuration list for PBXProject "HonoluluArt" */ = {
			isa = XCConfigurationList;
			buildConfigurations = (
				9F9E41621CAE3F9500D44558 /* Debug */,
				9F9E41631CAE3F9500D44558 /* Release */,
			);
			defaultConfigurationIsVisible = 0;
			defaultConfigurationName = Release;
		};
		9F9E41641CAE3F9500D44558 /* Build configuration list for PBXNativeTarget "HonoluluArt" */ = {
			isa = XCConfigurationList;
			buildConfigurations = (
				9F9E41651CAE3F9500D44558 /* Debug */,
				9F9E41661CAE3F9500D44558 /* Release */,
			);
			defaultConfigurationIsVisible = 0;
		};
		9F9E41671CAE3F9500D44558 /* Build configuration list for PBXNativeTarget "HonoluluArtTests" */ = {
			isa = XCConfigurationList;
			buildConfigurations = (
				9F9E41681CAE3F9500D44558 /* Debug */,
				9F9E41691CAE3F9500D44558 /* Release */,
			);
			defaultConfigurationIsVisible = 0;
		};
		9F9E416A1CAE3F9500D44558 /* Build configuration list for PBXNativeTarget "HonoluluArtUITests" */ = {
			isa = XCConfigurationList;
			buildConfigurations = (
				9F9E416B1CAE3F9500D44558 /* Debug */,
				9F9E416C1CAE3F9500D44558 /* Release */,
			);
			defaultConfigurationIsVisible = 0;
		};
/* End XCConfigurationList section */
	};
	rootObject = 9F9E41341CAE3F9400D44558 /* Project object */;
}
